
Microsoft Visual Studio Solution File, Format Version 12.00
# Visual Studio Version 16
VisualStudioVersion = 16.0.31321.278
MinimumVisualStudioVersion = 10.0.40219.1
Project("{FAE04EC0-301F-11D3-BF4B-00C04F79EFBC}") = "Arrays_Stretch_Zachory", "Arrays_Stretch_Zachory\Arrays_Stretch_Zachory.csproj", "{BA1080FB-231F-4946-AC12-23AF4710D0CA}"
EndProject
Global
	GlobalSection(SolutionConfigurationPlatforms) = preSolution
		Debug|Any CPU = Debug|Any CPU
		Release|Any CPU = Release|Any CPU
	EndGlobalSection
	GlobalSection(ProjectConfigurationPlatforms) = postSolution
		{BA1080FB-231F-4946-AC12-23AF4710D0CA}.Debug|Any CPU.ActiveCfg = Debug|Any CPU
		{BA1080FB-231F-4946-AC12-23AF4710D0CA}.Debug|Any CPU.Build.0 = Debug|Any CPU
		{BA1080FB-231F-4946-AC12-23AF4710D0CA}.Release|Any CPU.ActiveCfg = Release|Any CPU
		{BA1080FB-231F-4946-AC12-23AF4710D0CA}.Release|Any CPU.Build.0 = Release|Any CPU
	EndGlobalSection
	GlobalSection(SolutionProperties) = preSolution
		HideSolutionNode = FALSE
	EndGlobalSection
	GlobalSection(ExtensibilityGlobals) = postSolution
		SolutionGuid = {D689E6ED-05C8-43E3-88EF-0195E0E020AD}
	EndGlobalSection
EndGlobal
